// !$*UTF8*$!
{
	archiveVersion = 1;
	classes = {
	};
	objectVersion = 50;
	objects = {

/* Begin PBXBuildFile section */
		CEE67A992493BEF200C26ADE /* AppDelegate.swift in Sources */ = {isa = PBXBuildFile; fileRef = CEE67A982493BEF200C26ADE /* AppDelegate.swift */; };
		CEE67A9B2493BEF200C26ADE /* SceneDelegate.swift in Sources */ = {isa = PBXBuildFile; fileRef = CEE67A9A2493BEF200C26ADE /* SceneDelegate.swift */; };
		CEE67A9D2493BEF200C26ADE /* ViewController.swift in Sources */ = {isa = PBXBuildFile; fileRef = CEE67A9C2493BEF200C26ADE /* ViewController.swift */; };
		CEE67AA02493BEF200C26ADE /* Main.storyboard in Resources */ = {isa = PBXBuildFile; fileRef = CEE67A9E2493BEF200C26ADE /* Main.storyboard */; };
		CEE67AA22493BEF800C26ADE /* Assets.xcassets in Resources */ = {isa = PBXBuildFile; fileRef = CEE67AA12493BEF800C26ADE /* Assets.xcassets */; };
		CEE67AA52493BEF800C26ADE /* LaunchScreen.storyboard in Resources */ = {isa = PBXBuildFile; fileRef = CEE67AA32493BEF800C26ADE /* LaunchScreen.storyboard */; };
/* End PBXBuildFile section */

/* Begin PBXFileReference section */
		CEE67A952493BEF200C26ADE /* LowHighGame.app */ = {isa = PBXFileReference; explicitFileType = wrapper.application; includeInIndex = 0; path = LowHighGame.app; sourceTree = BUILT_PRODUCTS_DIR; };
		CEE67A982493BEF200C26ADE /* AppDelegate.swift */ = {isa = PBXFileReference; lastKnownFileType = sourcecode.swift; path = AppDelegate.swift; sourceTree = "<group>"; };
		CEE67A9A2493BEF200C26ADE /* SceneDelegate.swift */ = {isa = PBXFileReference; lastKnownFileType = sourcecode.swift; path = SceneDelegate.swift; sourceTree = "<group>"; };
		CEE67A9C2493BEF200C26ADE /* ViewController.swift */ = {isa = PBXFileReference; lastKnownFileType = sourcecode.swift; path = ViewController.swift; sourceTree = "<group>"; };
		CEE67A9F2493BEF200C26ADE /* Base */ = {isa = PBXFileReference; lastKnownFileType = file.storyboard; name = Base; path = Base.lproj/Main.storyboard; sourceTree = "<group>"; };
		CEE67AA12493BEF800C26ADE /* Assets.xcassets */ = {isa = PBXFileReference; lastKnownFileType = folder.assetcatalog; path = Assets.xcassets; sourceTree = "<group>"; };
		CEE67AA42493BEF800C26ADE /* Base */ = {isa = PBXFileReference; lastKnownFileType = file.storyboard; name = Base; path = Base.lproj/LaunchScreen.storyboard; sourceTree = "<group>"; };
		CEE67AA62493BEF800C26ADE /* Info.plist */ = {isa = PBXFileReference; lastKnownFileType = text.plist.xml; path = Info.plist; sourceTree = "<group>"; };
/* End PBXFileReference section */

/* Begin PBXFrameworksBuildPhase section */
		CEE67A922493BEF200C26ADE /* Frameworks */ = {
			isa = PBXFrameworksBuildPhase;
			buildActionMask = 2147483647;
			files = (
			);
			runOnlyForDeploymentPostprocessing = 0;
		};
/* End PBXFrameworksBuildPhase section */

/* Begin PBXGroup section */
		CEE67A8C2493BEF200C26ADE = {
			isa = PBXGroup;
			children = (
				CEE67A972493BEF200C26ADE /* LowHighGame */,
				CEE67A962493BEF200C26ADE /* Products */,
			);
			sourceTree = "<group>";
		};
		CEE67A962493BEF200C26ADE /* Products */ = {
			isa = PBXGroup;
			children = (
				CEE67A952493BEF200C26ADE /* LowHighGame.app */,
			);
			name = Products;
			sourceTree = "<group>";
		};
		CEE67A972493BEF200C26ADE /* LowHighGame */ = {
			isa = PBXGroup;
			children = (
				CEE67A982493BEF200C26ADE /* AppDelegate.swift */,
				CEE67A9A2493BEF200C26ADE /* SceneDelegate.swift */,
				CEE67A9C2493BEF200C26ADE /* ViewController.swift */,
				CEE67A9E2493BEF200C26ADE /* Main.storyboard */,
				CEE67AA12493BEF800C26ADE /* Assets.xcassets */,
				CEE67AA32493BEF800C26ADE /* LaunchScreen.storyboard */,
				CEE67AA62493BEF800C26ADE /* Info.plist */,
			);
			path = LowHighGame;
			sourceTree = "<group>";
		};
/* End PBXGroup section */

/* Begin PBXNativeTarget section */
		CEE67A942493BEF200C26ADE /* LowHighGame */ = {
			isa = PBXNativeTarget;
			buildConfigurationList = CEE67AA92493BEF800C26ADE /* Build configuration list for PBXNativeTarget "LowHighGame" */;
			buildPhases = (
				CEE67A912493BEF200C26ADE /* Sources */,
				CEE67A922493BEF200C26ADE /* Frameworks */,
				CEE67A932493BEF200C26ADE /* Resources */,
			);
			buildRules = (
			);
			dependencies = (
			);
			name = LowHighGame;
			productName = LowHighGame;
			productReference = CEE67A952493BEF200C26ADE /* LowHighGame.app */;
			productType = "com.apple.product-type.application";
		};
/* End PBXNativeTarget section */

/* Begin PBXProject section */
		CEE67A8D2493BEF200C26ADE /* Project object */ = {
			isa = PBXProject;
			attributes = {
				LastSwiftUpdateCheck = 1150;
				LastUpgradeCheck = 1150;
				ORGANIZATIONNAME = seong;
				TargetAttributes = {
					CEE67A942493BEF200C26ADE = {
						CreatedOnToolsVersion = 11.5;
					};
				};
			};
			buildConfigurationList = CEE67A902493BEF200C26ADE /* Build configuration list for PBXProject "LowHighGame" */;
			compatibilityVersion = "Xcode 9.3";
			developmentRegion = en;
			hasScannedForEncodings = 0;
			knownRegions = (
				en,
				Base,
			);
			mainGroup = CEE67A8C2493BEF200C26ADE;
			productRefGroup = CEE67A962493BEF200C26ADE /* Products */;
			projectDirPath = "";
			projectRoot = "";
			targets = (
				CEE67A942493BEF200C26ADE /* LowHighGame */,
			);
		};
/* End PBXProject section */

/* Begin PBXResourcesBuildPhase section */
		CEE67A932493BEF200C26ADE /* Resources */ = {
			isa = PBXResourcesBuildPhase;
			buildActionMask = 2147483647;
			files = (
				CEE67AA52493BEF800C26ADE /* LaunchScreen.storyboard in Resources */,
				CEE67AA22493BEF800C26ADE /* Assets.xcassets in Resources */,
				CEE67AA02493BEF200C26ADE /* Main.storyboard in Resources */,
			);
			runOnlyForDeploymentPostprocessing = 0;
		};
/* End PBXResourcesBuildPhase section */

/* Begin PBXSourcesBuildPhase section */
		CEE67A912493BEF200C26ADE /* Sources */ = {
			isa = PBXSourcesBuildPhase;
			buildActionMask = 2147483647;
			files = (
				CEE67A9D2493BEF200C26ADE /* ViewController.swift in Sources */,
				CEE67A992493BEF200C26ADE /* AppDelegate.swift in Sources */,
				CEE67A9B2493BEF200C26ADE /* SceneDelegate.swift in Sources */,
			);
			runOnlyForDeploymentPostprocessing = 0;
		};
/* End PBXSourcesBuildPhase section */

/* Begin PBXVariantGroup section */
		CEE67A9E2493BEF200C26ADE /* Main.storyboard */ = {
			isa = PBXVariantGroup;
			children = (
				CEE67A9F2493BEF200C26ADE /* Base */,
			);
			name = Main.storyboard;
			sourceTree = "<group>";
		};
		CEE67AA32493BEF800C26ADE /* LaunchScreen.storyboard */ = {
			isa = PBXVariantGroup;
			children = (
				CEE67AA42493BEF800C26ADE /* Base */,
			);
			name = LaunchScreen.storyboard;
			sourceTree = "<group>";
		};
/* End PBXVariantGroup section */

/* Begin XCBuildConfiguration section */
		CEE67AA72493BEF800C26ADE /* Debug */ = {
			isa = XCBuildConfiguration;
			buildSettings = {
				ALWAYS_SEARCH_USER_PATHS = NO;
				CLANG_ANALYZER_NONNULL = YES;
				CLANG_ANALYZER_NUMBER_OBJECT_CONVERSION = YES_AGGRESSIVE;
				CLANG_CXX_LANGUAGE_STANDARD = "gnu++14";
				CLANG_CXX_LIBRARY = "libc++";
				CLANG_ENABLE_MODULES = YES;
				CLANG_ENABLE_OBJC_ARC = YES;
				CLANG_ENABLE_OBJC_WEAK = YES;
				CLANG_WARN_BLOCK_CAPTURE_AUTORELEASING = YES;
				CLANG_WARN_BOOL_CONVERSION = YES;
				CLANG_WARN_COMMA = YES;
				CLANG_WARN_CONSTANT_CONVERSION = YES;
				CLANG_WARN_DEPRECATED_OBJC_IMPLEMENTATIONS = YES;
				CLANG_WARN_DIRECT_OBJC_ISA_USAGE = YES_ERROR;
				CLANG_WARN_DOCUMENTATION_COMMENTS = YES;
				CLANG_WARN_EMPTY_BODY = YES;
				CLANG_WARN_ENUM_CONVERSION = YES;
				CLANG_WARN_INFINITE_RECURSION = YES;
				CLANG_WARN_INT_CONVERSION = YES;
				CLANG_WARN_NON_LITERAL_NULL_CONVERSION = YES;
				CLANG_WARN_OBJC_IMPLICIT_RETAIN_SELF = YES;
				CLANG_WARN_OBJC_LITERAL_CONVERSION = YES;
				CLANG_WARN_OBJC_ROOT_CLASS = YES_ERROR;
				CLANG_WARN_RANGE_LOOP_ANALYSIS = YES;
				CLANG_WARN_STRICT_PROTOTYPES = YES;
				CLANG_WARN_SUSPICIOUS_MOVE = YES;
				CLANG_WARN_UNGUARDED_AVAILABILITY = YES_AGGRESSIVE;
				CLANG_WARN_UNREACHABLE_CODE = YES;
				CLANG_WARN__DUPLICATE_METHOD_MATCH = YES;
				COPY_PHASE_STRIP = NO;
				DEBUG_INFORMATION_FORMAT = dwarf;
				ENABLE_STRICT_OBJC_MSGSEND = YES;
				ENABLE_TESTABILITY = YES;
				GCC_C_LANGUAGE_STANDARD = gnu11;
				GCC_DYNAMIC_NO_PIC = NO;
				GCC_NO_COMMON_BLOCKS = YES;
				GCC_OPTIMIZATION_LEVEL = 0;
				GCC_PREPROCESSOR_DEFINITIONS = (
					"DEBUG=1",
					"$(inherited)",
				);
				GCC_WARN_64_TO_32_BIT_CONVERSION = YES;
				GCC_WARN_ABOUT_RETURN_TYPE = YES_ERROR;
				GCC_WARN_UNDECLARED_SELECTOR = YES;
				GCC_WARN_UNINITIALIZED_AUTOS = YES_AGGRESSIVE;
				GCC_WARN_UNUSED_FUNCTION = YES;
				GCC_WARN_UNUSED_VARIABLE = YES;
				IPHONEOS_DEPLOYMENT_TARGET = 13.5;
				MTL_ENABLE_DEBUG_INFO = INCLUDE_SOURCE;
				MTL_FAST_MATH = YES;
				ONLY_ACTIVE_ARCH = YES;
				SDKROOT = iphoneos;
				SWIFT_ACTIVE_COMPILATION_CONDITIONS = DEBUG;
				SWIFT_OPTIMIZATION_LEVEL = "-Onone";
			};
			name = Debug;
		};
		CEE67AA82493BEF800C26ADE /* Release */ = {
			isa = XCBuildConfiguration;
			buildSettings = {
				ALWAYS_SEARCH_USER_PATHS = NO;
				CLANG_ANALYZER_NONNULL = YES;
				CLANG_ANALYZER_NUMBER_OBJECT_CONVERSION = YES_AGGRESSIVE;
				CLANG_CXX_LANGUAGE_STANDARD = "gnu++14";
				CLANG_CXX_LIBRARY = "libc++";
				CLANG_ENABLE_MODULES = YES;
				CLANG_ENABLE_OBJC_ARC = YES;
				CLANG_ENABLE_OBJC_WEAK = YES;
				CLANG_WARN_BLOCK_CAPTURE_AUTORELEASING = YES;
				CLANG_WARN_BOOL_CONVERSION = YES;
				CLANG_WARN_COMMA = YES;
				CLANG_WARN_CONSTANT_CONVERSION = YES;
				CLANG_WARN_DEPRECATED_OBJC_IMPLEMENTATIONS = YES;
				CLANG_WARN_DIRECT_OBJC_ISA_USAGE = YES_ERROR;
				CLANG_WARN_DOCUMENTATION_COMMENTS = YES;
				CLANG_WARN_EMPTY_BODY = YES;
				CLANG_WARN_ENUM_CONVERSION = YES;
				CLANG_WARN_INFINITE_RECURSION = YES;
				CLANG_WARN_INT_CONVERSION = YES;
				CLANG_WARN_NON_LITERAL_NULL_CONVERSION = YES;
				CLANG_WARN_OBJC_IMPLICIT_RETAIN_SELF = YES;
				CLANG_WARN_OBJC_LITERAL_CONVERSION = YES;
				CLANG_WARN_OBJC_ROOT_CLASS = YES_ERROR;
				CLANG_WARN_RANGE_LOOP_ANALYSIS = YES;
				CLANG_WARN_STRICT_PROTOTYPES = YES;
				CLANG_WARN_SUSPICIOUS_MOVE = YES;
				CLANG_WARN_UNGUARDED_AVAILABILITY = YES_AGGRESSIVE;
				CLANG_WARN_UNREACHABLE_CODE = YES;
				CLANG_WARN__DUPLICATE_METHOD_MATCH = YES;
				COPY_PHASE_STRIP = NO;
				DEBUG_INFORMATION_FORMAT = "dwarf-with-dsym";
				ENABLE_NS_ASSERTIONS = NO;
				ENABLE_STRICT_OBJC_MSGSEND = YES;
				GCC_C_LANGUAGE_STANDARD = gnu11;
				GCC_NO_COMMON_BLOCKS = YES;
				GCC_WARN_64_TO_32_BIT_CONVERSION = YES;
				GCC_WARN_ABOUT_RETURN_TYPE = YES_ERROR;
				GCC_WARN_UNDECLARED_SELECTOR = YES;
				GCC_WARN_UNINITIALIZED_AUTOS = YES_AGGRESSIVE;
				GCC_WARN_UNUSED_FUNCTION = YES;
				GCC_WARN_UNUSED_VARIABLE = YES;
				IPHONEOS_DEPLOYMENT_TARGET = 13.5;
				MTL_ENABLE_DEBUG_INFO = NO;
				MTL_FAST_MATH = YES;
				SDKROOT = iphoneos;
				SWIFT_COMPILATION_MODE = wholemodule;
				SWIFT_OPTIMIZATION_LEVEL = "-O";
				VALIDATE_PRODUCT = YES;
			};
			name = Release;
		};
		CEE67AAA2493BEF800C26ADE /* Debug */ = {
			isa = XCBuildConfiguration;
			buildSettings = {
				ASSETCATALOG_COMPILER_APPICON_NAME = AppIcon;
				CODE_SIGN_STYLE = Automatic;
				INFOPLIST_FILE = LowHighGame/Info.plist;
				LD_RUNPATH_SEARCH_PATHS = (
					"$(inherited)",
					"@executable_path/Frameworks",
				);
				PRODUCT_BUNDLE_IDENTIFIER = kr.LowHighGame;
				PRODUCT_NAME = "$(TARGET_NAME)";
				SWIFT_VERSION = 5.0;
				TARGETED_DEVICE_FAMILY = "1,2";
			};
			name = Debug;
		};
		CEE67AAB2493BEF800C26ADE /* Release */ = {
			isa = XCBuildConfiguration;
			buildSettings = {
				ASSETCATALOG_COMPILER_APPICON_NAME = AppIcon;
				CODE_SIGN_STYLE = Automatic;
				INFOPLIST_FILE = LowHighGame/Info.plist;
				LD_RUNPATH_SEARCH_PATHS = (
					"$(inherited)",
					"@executable_path/Frameworks",
				);
				PRODUCT_BUNDLE_IDENTIFIER = kr.LowHighGame;
				PRODUCT_NAME = "$(TARGET_NAME)";
				SWIFT_VERSION = 5.0;
				TARGETED_DEVICE_FAMILY = "1,2";
			};
			name = Release;
		};
/* End XCBuildConfiguration section */

/* Begin XCConfigurationList section */
		CEE67A902493BEF200C26ADE /* Build configuration list for PBXProject "LowHighGame" */ = {
			isa = XCConfigurationList;
			buildConfigurations = (
				CEE67AA72493BEF800C26ADE /* Debug */,
				CEE67AA82493BEF800C26ADE /* Release */,
			);
			defaultConfigurationIsVisible = 0;
			defaultConfigurationName = Release;
		};
		CEE67AA92493BEF800C26ADE /* Build configuration list for PBXNativeTarget "LowHighGame" */ = {
			isa = XCConfigurationList;
			buildConfigurations = (
				CEE67AAA2493BEF800C26ADE /* Debug */,
				CEE67AAB2493BEF800C26ADE /* Release */,
			);
			defaultConfigurationIsVisible = 0;
			defaultConfigurationName = Release;
		};
/* End XCConfigurationList section */
	};
	rootObject = CEE67A8D2493BEF200C26ADE /* Project object */;
}
