// !$*UTF8*$!
{
	archiveVersion = 1;
	classes = {
	};
	objectVersion = 50;
	objects = {

/* Begin PBXBuildFile section */
		CE936BAD248D2A38002AF6F4 /* AppDelegate.swift in Sources */ = {isa = PBXBuildFile; fileRef = CE936BAC248D2A38002AF6F4 /* AppDelegate.swift */; };
		CE936BAF248D2A38002AF6F4 /* SceneDelegate.swift in Sources */ = {isa = PBXBuildFile; fileRef = CE936BAE248D2A38002AF6F4 /* SceneDelegate.swift */; };
		CE936BB1248D2A38002AF6F4 /* ViewController.swift in Sources */ = {isa = PBXBuildFile; fileRef = CE936BB0248D2A38002AF6F4 /* ViewController.swift */; };
		CE936BB4248D2A38002AF6F4 /* Main.storyboard in Resources */ = {isa = PBXBuildFile; fileRef = CE936BB2248D2A38002AF6F4 /* Main.storyboard */; };
		CE936BB6248D2A39002AF6F4 /* Assets.xcassets in Resources */ = {isa = PBXBuildFile; fileRef = CE936BB5248D2A39002AF6F4 /* Assets.xcassets */; };
		CE936BB9248D2A39002AF6F4 /* LaunchScreen.storyboard in Resources */ = {isa = PBXBuildFile; fileRef = CE936BB7248D2A39002AF6F4 /* LaunchScreen.storyboard */; };
		E421464FEF57F2B551A24C4F /* Pods_YouTubePlayerExample.framework in Frameworks */ = {isa = PBXBuildFile; fileRef = CBDD5B3708E5724D2FE6A85A /* Pods_YouTubePlayerExample.framework */; };
/* End PBXBuildFile section */

/* Begin PBXFileReference section */
		166A8327591A655ABD314599 /* Pods-YouTubePlayerExample.release.xcconfig */ = {isa = PBXFileReference; includeInIndex = 1; lastKnownFileType = text.xcconfig; name = "Pods-YouTubePlayerExample.release.xcconfig"; path = "Target Support Files/Pods-YouTubePlayerExample/Pods-YouTubePlayerExample.release.xcconfig"; sourceTree = "<group>"; };
		27996A6D7C8933BAA7CDFD60 /* Pods-YouTubePlayerExample.debug.xcconfig */ = {isa = PBXFileReference; includeInIndex = 1; lastKnownFileType = text.xcconfig; name = "Pods-YouTubePlayerExample.debug.xcconfig"; path = "Target Support Files/Pods-YouTubePlayerExample/Pods-YouTubePlayerExample.debug.xcconfig"; sourceTree = "<group>"; };
		CBDD5B3708E5724D2FE6A85A /* Pods_YouTubePlayerExample.framework */ = {isa = PBXFileReference; explicitFileType = wrapper.framework; includeInIndex = 0; path = Pods_YouTubePlayerExample.framework; sourceTree = BUILT_PRODUCTS_DIR; };
		CE936BA9248D2A38002AF6F4 /* YouTubePlayerExample.app */ = {isa = PBXFileReference; explicitFileType = wrapper.application; includeInIndex = 0; path = YouTubePlayerExample.app; sourceTree = BUILT_PRODUCTS_DIR; };
		CE936BAC248D2A38002AF6F4 /* AppDelegate.swift */ = {isa = PBXFileReference; lastKnownFileType = sourcecode.swift; path = AppDelegate.swift; sourceTree = "<group>"; };
		CE936BAE248D2A38002AF6F4 /* SceneDelegate.swift */ = {isa = PBXFileReference; lastKnownFileType = sourcecode.swift; path = SceneDelegate.swift; sourceTree = "<group>"; };
		CE936BB0248D2A38002AF6F4 /* ViewController.swift */ = {isa = PBXFileReference; lastKnownFileType = sourcecode.swift; path = ViewController.swift; sourceTree = "<group>"; };
		CE936BB3248D2A38002AF6F4 /* Base */ = {isa = PBXFileReference; lastKnownFileType = file.storyboard; name = Base; path = Base.lproj/Main.storyboard; sourceTree = "<group>"; };
		CE936BB5248D2A39002AF6F4 /* Assets.xcassets */ = {isa = PBXFileReference; lastKnownFileType = folder.assetcatalog; path = Assets.xcassets; sourceTree = "<group>"; };
		CE936BB8248D2A39002AF6F4 /* Base */ = {isa = PBXFileReference; lastKnownFileType = file.storyboard; name = Base; path = Base.lproj/LaunchScreen.storyboard; sourceTree = "<group>"; };
		CE936BBA248D2A39002AF6F4 /* Info.plist */ = {isa = PBXFileReference; lastKnownFileType = text.plist.xml; path = Info.plist; sourceTree = "<group>"; };
/* End PBXFileReference section */

/* Begin PBXFrameworksBuildPhase section */
		CE936BA6248D2A37002AF6F4 /* Frameworks */ = {
			isa = PBXFrameworksBuildPhase;
			buildActionMask = 2147483647;
			files = (
				E421464FEF57F2B551A24C4F /* Pods_YouTubePlayerExample.framework in Frameworks */,
			);
			runOnlyForDeploymentPostprocessing = 0;
		};
/* End PBXFrameworksBuildPhase section */

/* Begin PBXGroup section */
		7484838A7CB65DE6CCEC5D1A /* Pods */ = {
			isa = PBXGroup;
			children = (
				27996A6D7C8933BAA7CDFD60 /* Pods-YouTubePlayerExample.debug.xcconfig */,
				166A8327591A655ABD314599 /* Pods-YouTubePlayerExample.release.xcconfig */,
			);
			name = Pods;
			path = Pods;
			sourceTree = "<group>";
		};
		CE936BA0248D2A37002AF6F4 = {
			isa = PBXGroup;
			children = (
				CE936BAB248D2A38002AF6F4 /* YouTubePlayerExample */,
				CE936BAA248D2A38002AF6F4 /* Products */,
				7484838A7CB65DE6CCEC5D1A /* Pods */,
				D951008FDCBB3CA818E7314C /* Frameworks */,
			);
			sourceTree = "<group>";
		};
		CE936BAA248D2A38002AF6F4 /* Products */ = {
			isa = PBXGroup;
			children = (
				CE936BA9248D2A38002AF6F4 /* YouTubePlayerExample.app */,
			);
			name = Products;
			sourceTree = "<group>";
		};
		CE936BAB248D2A38002AF6F4 /* YouTubePlayerExample */ = {
			isa = PBXGroup;
			children = (
				CE936BAC248D2A38002AF6F4 /* AppDelegate.swift */,
				CE936BAE248D2A38002AF6F4 /* SceneDelegate.swift */,
				CE936BB0248D2A38002AF6F4 /* ViewController.swift */,
				CE936BB2248D2A38002AF6F4 /* Main.storyboard */,
				CE936BB5248D2A39002AF6F4 /* Assets.xcassets */,
				CE936BB7248D2A39002AF6F4 /* LaunchScreen.storyboard */,
				CE936BBA248D2A39002AF6F4 /* Info.plist */,
			);
			path = YouTubePlayerExample;
			sourceTree = "<group>";
		};
		D951008FDCBB3CA818E7314C /* Frameworks */ = {
			isa = PBXGroup;
			children = (
				CBDD5B3708E5724D2FE6A85A /* Pods_YouTubePlayerExample.framework */,
			);
			name = Frameworks;
			sourceTree = "<group>";
		};
/* End PBXGroup section */

/* Begin PBXNativeTarget section */
		CE936BA8248D2A37002AF6F4 /* YouTubePlayerExample */ = {
			isa = PBXNativeTarget;
			buildConfigurationList = CE936BBD248D2A39002AF6F4 /* Build configuration list for PBXNativeTarget "YouTubePlayerExample" */;
			buildPhases = (
				CBCE9B8CAB98B5C00A0CAC49 /* [CP] Check Pods Manifest.lock */,
				CE936BA5248D2A37002AF6F4 /* Sources */,
				CE936BA6248D2A37002AF6F4 /* Frameworks */,
				CE936BA7248D2A37002AF6F4 /* Resources */,
				23F840C81DEE652EC847837B /* [CP] Embed Pods Frameworks */,
			);
			buildRules = (
			);
			dependencies = (
			);
			name = YouTubePlayerExample;
			productName = YouTubePlayerExample;
			productReference = CE936BA9248D2A38002AF6F4 /* YouTubePlayerExample.app */;
			productType = "com.apple.product-type.application";
		};
/* End PBXNativeTarget section */

/* Begin PBXProject section */
		CE936BA1248D2A37002AF6F4 /* Project object */ = {
			isa = PBXProject;
			attributes = {
				LastSwiftUpdateCheck = 1150;
				LastUpgradeCheck = 1150;
				ORGANIZATIONNAME = seong;
				TargetAttributes = {
					CE936BA8248D2A37002AF6F4 = {
						CreatedOnToolsVersion = 11.5;
					};
				};
			};
			buildConfigurationList = CE936BA4248D2A37002AF6F4 /* Build configuration list for PBXProject "YouTubePlayerExample" */;
			compatibilityVersion = "Xcode 9.3";
			developmentRegion = en;
			hasScannedForEncodings = 0;
			knownRegions = (
				en,
				Base,
			);
			mainGroup = CE936BA0248D2A37002AF6F4;
			productRefGroup = CE936BAA248D2A38002AF6F4 /* Products */;
			projectDirPath = "";
			projectRoot = "";
			targets = (
				CE936BA8248D2A37002AF6F4 /* YouTubePlayerExample */,
			);
		};
/* End PBXProject section */

/* Begin PBXResourcesBuildPhase section */
		CE936BA7248D2A37002AF6F4 /* Resources */ = {
			isa = PBXResourcesBuildPhase;
			buildActionMask = 2147483647;
			files = (
				CE936BB9248D2A39002AF6F4 /* LaunchScreen.storyboard in Resources */,
				CE936BB6248D2A39002AF6F4 /* Assets.xcassets in Resources */,
				CE936BB4248D2A38002AF6F4 /* Main.storyboard in Resources */,
			);
			runOnlyForDeploymentPostprocessing = 0;
		};
/* End PBXResourcesBuildPhase section */

/* Begin PBXShellScriptBuildPhase section */
		23F840C81DEE652EC847837B /* [CP] Embed Pods Frameworks */ = {
			isa = PBXShellScriptBuildPhase;
			buildActionMask = 2147483647;
			files = (
			);
			inputFileListPaths = (
				"${PODS_ROOT}/Target Support Files/Pods-YouTubePlayerExample/Pods-YouTubePlayerExample-frameworks-${CONFIGURATION}-input-files.xcfilelist",
			);
			name = "[CP] Embed Pods Frameworks";
			outputFileListPaths = (
				"${PODS_ROOT}/Target Support Files/Pods-YouTubePlayerExample/Pods-YouTubePlayerExample-frameworks-${CONFIGURATION}-output-files.xcfilelist",
			);
			runOnlyForDeploymentPostprocessing = 0;
			shellPath = /bin/sh;
			shellScript = "\"${PODS_ROOT}/Target Support Files/Pods-YouTubePlayerExample/Pods-YouTubePlayerExample-frameworks.sh\"\n";
			showEnvVarsInLog = 0;
		};
		CBCE9B8CAB98B5C00A0CAC49 /* [CP] Check Pods Manifest.lock */ = {
			isa = PBXShellScriptBuildPhase;
			buildActionMask = 2147483647;
			files = (
			);
			inputFileListPaths = (
			);
			inputPaths = (
				"${PODS_PODFILE_DIR_PATH}/Podfile.lock",
				"${PODS_ROOT}/Manifest.lock",
			);
			name = "[CP] Check Pods Manifest.lock";
			outputFileListPaths = (
			);
			outputPaths = (
				"$(DERIVED_FILE_DIR)/Pods-YouTubePlayerExample-checkManifestLockResult.txt",
			);
			runOnlyForDeploymentPostprocessing = 0;
			shellPath = /bin/sh;
			shellScript = "diff \"${PODS_PODFILE_DIR_PATH}/Podfile.lock\" \"${PODS_ROOT}/Manifest.lock\" > /dev/null\nif [ $? != 0 ] ; then\n    # print error to STDERR\n    echo \"error: The sandbox is not in sync with the Podfile.lock. Run 'pod install' or update your CocoaPods installation.\" >&2\n    exit 1\nfi\n# This output is used by Xcode 'outputs' to avoid re-running this script phase.\necho \"SUCCESS\" > \"${SCRIPT_OUTPUT_FILE_0}\"\n";
			showEnvVarsInLog = 0;
		};
/* End PBXShellScriptBuildPhase section */

/* Begin PBXSourcesBuildPhase section */
		CE936BA5248D2A37002AF6F4 /* Sources */ = {
			isa = PBXSourcesBuildPhase;
			buildActionMask = 2147483647;
			files = (
				CE936BB1248D2A38002AF6F4 /* ViewController.swift in Sources */,
				CE936BAD248D2A38002AF6F4 /* AppDelegate.swift in Sources */,
				CE936BAF248D2A38002AF6F4 /* SceneDelegate.swift in Sources */,
			);
			runOnlyForDeploymentPostprocessing = 0;
		};
/* End PBXSourcesBuildPhase section */

/* Begin PBXVariantGroup section */
		CE936BB2248D2A38002AF6F4 /* Main.storyboard */ = {
			isa = PBXVariantGroup;
			children = (
				CE936BB3248D2A38002AF6F4 /* Base */,
			);
			name = Main.storyboard;
			sourceTree = "<group>";
		};
		CE936BB7248D2A39002AF6F4 /* LaunchScreen.storyboard */ = {
			isa = PBXVariantGroup;
			children = (
				CE936BB8248D2A39002AF6F4 /* Base */,
			);
			name = LaunchScreen.storyboard;
			sourceTree = "<group>";
		};
/* End PBXVariantGroup section */

/* Begin XCBuildConfiguration section */
		CE936BBB248D2A39002AF6F4 /* Debug */ = {
			isa = XCBuildConfiguration;
			buildSettings = {
				ALWAYS_SEARCH_USER_PATHS = NO;
				CLANG_ANALYZER_NONNULL = YES;
				CLANG_ANALYZER_NUMBER_OBJECT_CONVERSION = YES_AGGRESSIVE;
				CLANG_CXX_LANGUAGE_STANDARD = "gnu++14";
				CLANG_CXX_LIBRARY = "libc++";
				CLANG_ENABLE_MODULES = YES;
				CLANG_ENABLE_OBJC_ARC = YES;
				CLANG_ENABLE_OBJC_WEAK = YES;
				CLANG_WARN_BLOCK_CAPTURE_AUTORELEASING = YES;
				CLANG_WARN_BOOL_CONVERSION = YES;
				CLANG_WARN_COMMA = YES;
				CLANG_WARN_CONSTANT_CONVERSION = YES;
				CLANG_WARN_DEPRECATED_OBJC_IMPLEMENTATIONS = YES;
				CLANG_WARN_DIRECT_OBJC_ISA_USAGE = YES_ERROR;
				CLANG_WARN_DOCUMENTATION_COMMENTS = YES;
				CLANG_WARN_EMPTY_BODY = YES;
				CLANG_WARN_ENUM_CONVERSION = YES;
				CLANG_WARN_INFINITE_RECURSION = YES;
				CLANG_WARN_INT_CONVERSION = YES;
				CLANG_WARN_NON_LITERAL_NULL_CONVERSION = YES;
				CLANG_WARN_OBJC_IMPLICIT_RETAIN_SELF = YES;
				CLANG_WARN_OBJC_LITERAL_CONVERSION = YES;
				CLANG_WARN_OBJC_ROOT_CLASS = YES_ERROR;
				CLANG_WARN_RANGE_LOOP_ANALYSIS = YES;
				CLANG_WARN_STRICT_PROTOTYPES = YES;
				CLANG_WARN_SUSPICIOUS_MOVE = YES;
				CLANG_WARN_UNGUARDED_AVAILABILITY = YES_AGGRESSIVE;
				CLANG_WARN_UNREACHABLE_CODE = YES;
				CLANG_WARN__DUPLICATE_METHOD_MATCH = YES;
				COPY_PHASE_STRIP = NO;
				DEBUG_INFORMATION_FORMAT = dwarf;
				ENABLE_STRICT_OBJC_MSGSEND = YES;
				ENABLE_TESTABILITY = YES;
				GCC_C_LANGUAGE_STANDARD = gnu11;
				GCC_DYNAMIC_NO_PIC = NO;
				GCC_NO_COMMON_BLOCKS = YES;
				GCC_OPTIMIZATION_LEVEL = 0;
				GCC_PREPROCESSOR_DEFINITIONS = (
					"DEBUG=1",
					"$(inherited)",
				);
				GCC_WARN_64_TO_32_BIT_CONVERSION = YES;
				GCC_WARN_ABOUT_RETURN_TYPE = YES_ERROR;
				GCC_WARN_UNDECLARED_SELECTOR = YES;
				GCC_WARN_UNINITIALIZED_AUTOS = YES_AGGRESSIVE;
				GCC_WARN_UNUSED_FUNCTION = YES;
				GCC_WARN_UNUSED_VARIABLE = YES;
				IPHONEOS_DEPLOYMENT_TARGET = 13.5;
				MTL_ENABLE_DEBUG_INFO = INCLUDE_SOURCE;
				MTL_FAST_MATH = YES;
				ONLY_ACTIVE_ARCH = YES;
				SDKROOT = iphoneos;
				SWIFT_ACTIVE_COMPILATION_CONDITIONS = DEBUG;
				SWIFT_OPTIMIZATION_LEVEL = "-Onone";
			};
			name = Debug;
		};
		CE936BBC248D2A39002AF6F4 /* Release */ = {
			isa = XCBuildConfiguration;
			buildSettings = {
				ALWAYS_SEARCH_USER_PATHS = NO;
				CLANG_ANALYZER_NONNULL = YES;
				CLANG_ANALYZER_NUMBER_OBJECT_CONVERSION = YES_AGGRESSIVE;
				CLANG_CXX_LANGUAGE_STANDARD = "gnu++14";
				CLANG_CXX_LIBRARY = "libc++";
				CLANG_ENABLE_MODULES = YES;
				CLANG_ENABLE_OBJC_ARC = YES;
				CLANG_ENABLE_OBJC_WEAK = YES;
				CLANG_WARN_BLOCK_CAPTURE_AUTORELEASING = YES;
				CLANG_WARN_BOOL_CONVERSION = YES;
				CLANG_WARN_COMMA = YES;
				CLANG_WARN_CONSTANT_CONVERSION = YES;
				CLANG_WARN_DEPRECATED_OBJC_IMPLEMENTATIONS = YES;
				CLANG_WARN_DIRECT_OBJC_ISA_USAGE = YES_ERROR;
				CLANG_WARN_DOCUMENTATION_COMMENTS = YES;
				CLANG_WARN_EMPTY_BODY = YES;
				CLANG_WARN_ENUM_CONVERSION = YES;
				CLANG_WARN_INFINITE_RECURSION = YES;
				CLANG_WARN_INT_CONVERSION = YES;
				CLANG_WARN_NON_LITERAL_NULL_CONVERSION = YES;
				CLANG_WARN_OBJC_IMPLICIT_RETAIN_SELF = YES;
				CLANG_WARN_OBJC_LITERAL_CONVERSION = YES;
				CLANG_WARN_OBJC_ROOT_CLASS = YES_ERROR;
				CLANG_WARN_RANGE_LOOP_ANALYSIS = YES;
				CLANG_WARN_STRICT_PROTOTYPES = YES;
				CLANG_WARN_SUSPICIOUS_MOVE = YES;
				CLANG_WARN_UNGUARDED_AVAILABILITY = YES_AGGRESSIVE;
				CLANG_WARN_UNREACHABLE_CODE = YES;
				CLANG_WARN__DUPLICATE_METHOD_MATCH = YES;
				COPY_PHASE_STRIP = NO;
				DEBUG_INFORMATION_FORMAT = "dwarf-with-dsym";
				ENABLE_NS_ASSERTIONS = NO;
				ENABLE_STRICT_OBJC_MSGSEND = YES;
				GCC_C_LANGUAGE_STANDARD = gnu11;
				GCC_NO_COMMON_BLOCKS = YES;
				GCC_WARN_64_TO_32_BIT_CONVERSION = YES;
				GCC_WARN_ABOUT_RETURN_TYPE = YES_ERROR;
				GCC_WARN_UNDECLARED_SELECTOR = YES;
				GCC_WARN_UNINITIALIZED_AUTOS = YES_AGGRESSIVE;
				GCC_WARN_UNUSED_FUNCTION = YES;
				GCC_WARN_UNUSED_VARIABLE = YES;
				IPHONEOS_DEPLOYMENT_TARGET = 13.5;
				MTL_ENABLE_DEBUG_INFO = NO;
				MTL_FAST_MATH = YES;
				SDKROOT = iphoneos;
				SWIFT_COMPILATION_MODE = wholemodule;
				SWIFT_OPTIMIZATION_LEVEL = "-O";
				VALIDATE_PRODUCT = YES;
			};
			name = Release;
		};
		CE936BBE248D2A39002AF6F4 /* Debug */ = {
			isa = XCBuildConfiguration;
			baseConfigurationReference = 27996A6D7C8933BAA7CDFD60 /* Pods-YouTubePlayerExample.debug.xcconfig */;
			buildSettings = {
				ASSETCATALOG_COMPILER_APPICON_NAME = AppIcon;
				CODE_SIGN_STYLE = Automatic;
				INFOPLIST_FILE = YouTubePlayerExample/Info.plist;
				LD_RUNPATH_SEARCH_PATHS = (
					"$(inherited)",
					"@executable_path/Frameworks",
				);
				PRODUCT_BUNDLE_IDENTIFIER = kr.YouTubePlayerExample;
				PRODUCT_NAME = "$(TARGET_NAME)";
				SWIFT_VERSION = 5.0;
				TARGETED_DEVICE_FAMILY = "1,2";
			};
			name = Debug;
		};
		CE936BBF248D2A39002AF6F4 /* Release */ = {
			isa = XCBuildConfiguration;
			baseConfigurationReference = 166A8327591A655ABD314599 /* Pods-YouTubePlayerExample.release.xcconfig */;
			buildSettings = {
				ASSETCATALOG_COMPILER_APPICON_NAME = AppIcon;
				CODE_SIGN_STYLE = Automatic;
				INFOPLIST_FILE = YouTubePlayerExample/Info.plist;
				LD_RUNPATH_SEARCH_PATHS = (
					"$(inherited)",
					"@executable_path/Frameworks",
				);
				PRODUCT_BUNDLE_IDENTIFIER = kr.YouTubePlayerExample;
				PRODUCT_NAME = "$(TARGET_NAME)";
				SWIFT_VERSION = 5.0;
				TARGETED_DEVICE_FAMILY = "1,2";
			};
			name = Release;
		};
/* End XCBuildConfiguration section */

/* Begin XCConfigurationList section */
		CE936BA4248D2A37002AF6F4 /* Build configuration list for PBXProject "YouTubePlayerExample" */ = {
			isa = XCConfigurationList;
			buildConfigurations = (
				CE936BBB248D2A39002AF6F4 /* Debug */,
				CE936BBC248D2A39002AF6F4 /* Release */,
			);
			defaultConfigurationIsVisible = 0;
			defaultConfigurationName = Release;
		};
		CE936BBD248D2A39002AF6F4 /* Build configuration list for PBXNativeTarget "YouTubePlayerExample" */ = {
			isa = XCConfigurationList;
			buildConfigurations = (
				CE936BBE248D2A39002AF6F4 /* Debug */,
				CE936BBF248D2A39002AF6F4 /* Release */,
			);
			defaultConfigurationIsVisible = 0;
			defaultConfigurationName = Release;
		};
/* End XCConfigurationList section */
	};
	rootObject = CE936BA1248D2A37002AF6F4 /* Project object */;
}
