// !$*UTF8*$!
{
	archiveVersion = 1;
	classes = {
	};
	objectVersion = 50;
	objects = {

/* Begin PBXBuildFile section */
		CEC8A5562488CE0100A82370 /* AppDelegate.swift in Sources */ = {isa = PBXBuildFile; fileRef = CEC8A5552488CE0100A82370 /* AppDelegate.swift */; };
		CEC8A5582488CE0100A82370 /* SceneDelegate.swift in Sources */ = {isa = PBXBuildFile; fileRef = CEC8A5572488CE0100A82370 /* SceneDelegate.swift */; };
		CEC8A55A2488CE0100A82370 /* ViewController.swift in Sources */ = {isa = PBXBuildFile; fileRef = CEC8A5592488CE0100A82370 /* ViewController.swift */; };
		CEC8A55D2488CE0100A82370 /* Main.storyboard in Resources */ = {isa = PBXBuildFile; fileRef = CEC8A55B2488CE0100A82370 /* Main.storyboard */; };
		CEC8A55F2488CE0300A82370 /* Assets.xcassets in Resources */ = {isa = PBXBuildFile; fileRef = CEC8A55E2488CE0300A82370 /* Assets.xcassets */; };
		CEC8A5622488CE0300A82370 /* LaunchScreen.storyboard in Resources */ = {isa = PBXBuildFile; fileRef = CEC8A5602488CE0300A82370 /* LaunchScreen.storyboard */; };
/* End PBXBuildFile section */

/* Begin PBXFileReference section */
		CEC8A5522488CE0100A82370 /* ButtonsAnimation.app */ = {isa = PBXFileReference; explicitFileType = wrapper.application; includeInIndex = 0; path = ButtonsAnimation.app; sourceTree = BUILT_PRODUCTS_DIR; };
		CEC8A5552488CE0100A82370 /* AppDelegate.swift */ = {isa = PBXFileReference; lastKnownFileType = sourcecode.swift; path = AppDelegate.swift; sourceTree = "<group>"; };
		CEC8A5572488CE0100A82370 /* SceneDelegate.swift */ = {isa = PBXFileReference; lastKnownFileType = sourcecode.swift; path = SceneDelegate.swift; sourceTree = "<group>"; };
		CEC8A5592488CE0100A82370 /* ViewController.swift */ = {isa = PBXFileReference; lastKnownFileType = sourcecode.swift; path = ViewController.swift; sourceTree = "<group>"; };
		CEC8A55C2488CE0100A82370 /* Base */ = {isa = PBXFileReference; lastKnownFileType = file.storyboard; name = Base; path = Base.lproj/Main.storyboard; sourceTree = "<group>"; };
		CEC8A55E2488CE0300A82370 /* Assets.xcassets */ = {isa = PBXFileReference; lastKnownFileType = folder.assetcatalog; path = Assets.xcassets; sourceTree = "<group>"; };
		CEC8A5612488CE0300A82370 /* Base */ = {isa = PBXFileReference; lastKnownFileType = file.storyboard; name = Base; path = Base.lproj/LaunchScreen.storyboard; sourceTree = "<group>"; };
		CEC8A5632488CE0300A82370 /* Info.plist */ = {isa = PBXFileReference; lastKnownFileType = text.plist.xml; path = Info.plist; sourceTree = "<group>"; };
/* End PBXFileReference section */

/* Begin PBXFrameworksBuildPhase section */
		CEC8A54F2488CE0100A82370 /* Frameworks */ = {
			isa = PBXFrameworksBuildPhase;
			buildActionMask = 2147483647;
			files = (
			);
			runOnlyForDeploymentPostprocessing = 0;
		};
/* End PBXFrameworksBuildPhase section */

/* Begin PBXGroup section */
		CEC8A5492488CE0100A82370 = {
			isa = PBXGroup;
			children = (
				CEC8A5542488CE0100A82370 /* ButtonsAnimation */,
				CEC8A5532488CE0100A82370 /* Products */,
			);
			sourceTree = "<group>";
		};
		CEC8A5532488CE0100A82370 /* Products */ = {
			isa = PBXGroup;
			children = (
				CEC8A5522488CE0100A82370 /* ButtonsAnimation.app */,
			);
			name = Products;
			sourceTree = "<group>";
		};
		CEC8A5542488CE0100A82370 /* ButtonsAnimation */ = {
			isa = PBXGroup;
			children = (
				CEC8A5552488CE0100A82370 /* AppDelegate.swift */,
				CEC8A5572488CE0100A82370 /* SceneDelegate.swift */,
				CEC8A5592488CE0100A82370 /* ViewController.swift */,
				CEC8A55B2488CE0100A82370 /* Main.storyboard */,
				CEC8A55E2488CE0300A82370 /* Assets.xcassets */,
				CEC8A5602488CE0300A82370 /* LaunchScreen.storyboard */,
				CEC8A5632488CE0300A82370 /* Info.plist */,
			);
			path = ButtonsAnimation;
			sourceTree = "<group>";
		};
/* End PBXGroup section */

/* Begin PBXNativeTarget section */
		CEC8A5512488CE0100A82370 /* ButtonsAnimation */ = {
			isa = PBXNativeTarget;
			buildConfigurationList = CEC8A5662488CE0300A82370 /* Build configuration list for PBXNativeTarget "ButtonsAnimation" */;
			buildPhases = (
				CEC8A54E2488CE0100A82370 /* Sources */,
				CEC8A54F2488CE0100A82370 /* Frameworks */,
				CEC8A5502488CE0100A82370 /* Resources */,
			);
			buildRules = (
			);
			dependencies = (
			);
			name = ButtonsAnimation;
			productName = ButtonsAnimation;
			productReference = CEC8A5522488CE0100A82370 /* ButtonsAnimation.app */;
			productType = "com.apple.product-type.application";
		};
/* End PBXNativeTarget section */

/* Begin PBXProject section */
		CEC8A54A2488CE0100A82370 /* Project object */ = {
			isa = PBXProject;
			attributes = {
				LastSwiftUpdateCheck = 1150;
				LastUpgradeCheck = 1150;
				ORGANIZATIONNAME = seong;
				TargetAttributes = {
					CEC8A5512488CE0100A82370 = {
						CreatedOnToolsVersion = 11.5;
					};
				};
			};
			buildConfigurationList = CEC8A54D2488CE0100A82370 /* Build configuration list for PBXProject "ButtonsAnimation" */;
			compatibilityVersion = "Xcode 9.3";
			developmentRegion = en;
			hasScannedForEncodings = 0;
			knownRegions = (
				en,
				Base,
			);
			mainGroup = CEC8A5492488CE0100A82370;
			productRefGroup = CEC8A5532488CE0100A82370 /* Products */;
			projectDirPath = "";
			projectRoot = "";
			targets = (
				CEC8A5512488CE0100A82370 /* ButtonsAnimation */,
			);
		};
/* End PBXProject section */

/* Begin PBXResourcesBuildPhase section */
		CEC8A5502488CE0100A82370 /* Resources */ = {
			isa = PBXResourcesBuildPhase;
			buildActionMask = 2147483647;
			files = (
				CEC8A5622488CE0300A82370 /* LaunchScreen.storyboard in Resources */,
				CEC8A55F2488CE0300A82370 /* Assets.xcassets in Resources */,
				CEC8A55D2488CE0100A82370 /* Main.storyboard in Resources */,
			);
			runOnlyForDeploymentPostprocessing = 0;
		};
/* End PBXResourcesBuildPhase section */

/* Begin PBXSourcesBuildPhase section */
		CEC8A54E2488CE0100A82370 /* Sources */ = {
			isa = PBXSourcesBuildPhase;
			buildActionMask = 2147483647;
			files = (
				CEC8A55A2488CE0100A82370 /* ViewController.swift in Sources */,
				CEC8A5562488CE0100A82370 /* AppDelegate.swift in Sources */,
				CEC8A5582488CE0100A82370 /* SceneDelegate.swift in Sources */,
			);
			runOnlyForDeploymentPostprocessing = 0;
		};
/* End PBXSourcesBuildPhase section */

/* Begin PBXVariantGroup section */
		CEC8A55B2488CE0100A82370 /* Main.storyboard */ = {
			isa = PBXVariantGroup;
			children = (
				CEC8A55C2488CE0100A82370 /* Base */,
			);
			name = Main.storyboard;
			sourceTree = "<group>";
		};
		CEC8A5602488CE0300A82370 /* LaunchScreen.storyboard */ = {
			isa = PBXVariantGroup;
			children = (
				CEC8A5612488CE0300A82370 /* Base */,
			);
			name = LaunchScreen.storyboard;
			sourceTree = "<group>";
		};
/* End PBXVariantGroup section */

/* Begin XCBuildConfiguration section */
		CEC8A5642488CE0300A82370 /* Debug */ = {
			isa = XCBuildConfiguration;
			buildSettings = {
				ALWAYS_SEARCH_USER_PATHS = NO;
				CLANG_ANALYZER_NONNULL = YES;
				CLANG_ANALYZER_NUMBER_OBJECT_CONVERSION = YES_AGGRESSIVE;
				CLANG_CXX_LANGUAGE_STANDARD = "gnu++14";
				CLANG_CXX_LIBRARY = "libc++";
				CLANG_ENABLE_MODULES = YES;
				CLANG_ENABLE_OBJC_ARC = YES;
				CLANG_ENABLE_OBJC_WEAK = YES;
				CLANG_WARN_BLOCK_CAPTURE_AUTORELEASING = YES;
				CLANG_WARN_BOOL_CONVERSION = YES;
				CLANG_WARN_COMMA = YES;
				CLANG_WARN_CONSTANT_CONVERSION = YES;
				CLANG_WARN_DEPRECATED_OBJC_IMPLEMENTATIONS = YES;
				CLANG_WARN_DIRECT_OBJC_ISA_USAGE = YES_ERROR;
				CLANG_WARN_DOCUMENTATION_COMMENTS = YES;
				CLANG_WARN_EMPTY_BODY = YES;
				CLANG_WARN_ENUM_CONVERSION = YES;
				CLANG_WARN_INFINITE_RECURSION = YES;
				CLANG_WARN_INT_CONVERSION = YES;
				CLANG_WARN_NON_LITERAL_NULL_CONVERSION = YES;
				CLANG_WARN_OBJC_IMPLICIT_RETAIN_SELF = YES;
				CLANG_WARN_OBJC_LITERAL_CONVERSION = YES;
				CLANG_WARN_OBJC_ROOT_CLASS = YES_ERROR;
				CLANG_WARN_RANGE_LOOP_ANALYSIS = YES;
				CLANG_WARN_STRICT_PROTOTYPES = YES;
				CLANG_WARN_SUSPICIOUS_MOVE = YES;
				CLANG_WARN_UNGUARDED_AVAILABILITY = YES_AGGRESSIVE;
				CLANG_WARN_UNREACHABLE_CODE = YES;
				CLANG_WARN__DUPLICATE_METHOD_MATCH = YES;
				COPY_PHASE_STRIP = NO;
				DEBUG_INFORMATION_FORMAT = dwarf;
				ENABLE_STRICT_OBJC_MSGSEND = YES;
				ENABLE_TESTABILITY = YES;
				GCC_C_LANGUAGE_STANDARD = gnu11;
				GCC_DYNAMIC_NO_PIC = NO;
				GCC_NO_COMMON_BLOCKS = YES;
				GCC_OPTIMIZATION_LEVEL = 0;
				GCC_PREPROCESSOR_DEFINITIONS = (
					"DEBUG=1",
					"$(inherited)",
				);
				GCC_WARN_64_TO_32_BIT_CONVERSION = YES;
				GCC_WARN_ABOUT_RETURN_TYPE = YES_ERROR;
				GCC_WARN_UNDECLARED_SELECTOR = YES;
				GCC_WARN_UNINITIALIZED_AUTOS = YES_AGGRESSIVE;
				GCC_WARN_UNUSED_FUNCTION = YES;
				GCC_WARN_UNUSED_VARIABLE = YES;
				IPHONEOS_DEPLOYMENT_TARGET = 13.5;
				MTL_ENABLE_DEBUG_INFO = INCLUDE_SOURCE;
				MTL_FAST_MATH = YES;
				ONLY_ACTIVE_ARCH = YES;
				SDKROOT = iphoneos;
				SWIFT_ACTIVE_COMPILATION_CONDITIONS = DEBUG;
				SWIFT_OPTIMIZATION_LEVEL = "-Onone";
			};
			name = Debug;
		};
		CEC8A5652488CE0300A82370 /* Release */ = {
			isa = XCBuildConfiguration;
			buildSettings = {
				ALWAYS_SEARCH_USER_PATHS = NO;
				CLANG_ANALYZER_NONNULL = YES;
				CLANG_ANALYZER_NUMBER_OBJECT_CONVERSION = YES_AGGRESSIVE;
				CLANG_CXX_LANGUAGE_STANDARD = "gnu++14";
				CLANG_CXX_LIBRARY = "libc++";
				CLANG_ENABLE_MODULES = YES;
				CLANG_ENABLE_OBJC_ARC = YES;
				CLANG_ENABLE_OBJC_WEAK = YES;
				CLANG_WARN_BLOCK_CAPTURE_AUTORELEASING = YES;
				CLANG_WARN_BOOL_CONVERSION = YES;
				CLANG_WARN_COMMA = YES;
				CLANG_WARN_CONSTANT_CONVERSION = YES;
				CLANG_WARN_DEPRECATED_OBJC_IMPLEMENTATIONS = YES;
				CLANG_WARN_DIRECT_OBJC_ISA_USAGE = YES_ERROR;
				CLANG_WARN_DOCUMENTATION_COMMENTS = YES;
				CLANG_WARN_EMPTY_BODY = YES;
				CLANG_WARN_ENUM_CONVERSION = YES;
				CLANG_WARN_INFINITE_RECURSION = YES;
				CLANG_WARN_INT_CONVERSION = YES;
				CLANG_WARN_NON_LITERAL_NULL_CONVERSION = YES;
				CLANG_WARN_OBJC_IMPLICIT_RETAIN_SELF = YES;
				CLANG_WARN_OBJC_LITERAL_CONVERSION = YES;
				CLANG_WARN_OBJC_ROOT_CLASS = YES_ERROR;
				CLANG_WARN_RANGE_LOOP_ANALYSIS = YES;
				CLANG_WARN_STRICT_PROTOTYPES = YES;
				CLANG_WARN_SUSPICIOUS_MOVE = YES;
				CLANG_WARN_UNGUARDED_AVAILABILITY = YES_AGGRESSIVE;
				CLANG_WARN_UNREACHABLE_CODE = YES;
				CLANG_WARN__DUPLICATE_METHOD_MATCH = YES;
				COPY_PHASE_STRIP = NO;
				DEBUG_INFORMATION_FORMAT = "dwarf-with-dsym";
				ENABLE_NS_ASSERTIONS = NO;
				ENABLE_STRICT_OBJC_MSGSEND = YES;
				GCC_C_LANGUAGE_STANDARD = gnu11;
				GCC_NO_COMMON_BLOCKS = YES;
				GCC_WARN_64_TO_32_BIT_CONVERSION = YES;
				GCC_WARN_ABOUT_RETURN_TYPE = YES_ERROR;
				GCC_WARN_UNDECLARED_SELECTOR = YES;
				GCC_WARN_UNINITIALIZED_AUTOS = YES_AGGRESSIVE;
				GCC_WARN_UNUSED_FUNCTION = YES;
				GCC_WARN_UNUSED_VARIABLE = YES;
				IPHONEOS_DEPLOYMENT_TARGET = 13.5;
				MTL_ENABLE_DEBUG_INFO = NO;
				MTL_FAST_MATH = YES;
				SDKROOT = iphoneos;
				SWIFT_COMPILATION_MODE = wholemodule;
				SWIFT_OPTIMIZATION_LEVEL = "-O";
				VALIDATE_PRODUCT = YES;
			};
			name = Release;
		};
		CEC8A5672488CE0300A82370 /* Debug */ = {
			isa = XCBuildConfiguration;
			buildSettings = {
				ASSETCATALOG_COMPILER_APPICON_NAME = AppIcon;
				CODE_SIGN_STYLE = Automatic;
				INFOPLIST_FILE = ButtonsAnimation/Info.plist;
				LD_RUNPATH_SEARCH_PATHS = (
					"$(inherited)",
					"@executable_path/Frameworks",
				);
				PRODUCT_BUNDLE_IDENTIFIER = kr.ButtonsAnimation;
				PRODUCT_NAME = "$(TARGET_NAME)";
				SWIFT_VERSION = 5.0;
				TARGETED_DEVICE_FAMILY = "1,2";
			};
			name = Debug;
		};
		CEC8A5682488CE0300A82370 /* Release */ = {
			isa = XCBuildConfiguration;
			buildSettings = {
				ASSETCATALOG_COMPILER_APPICON_NAME = AppIcon;
				CODE_SIGN_STYLE = Automatic;
				INFOPLIST_FILE = ButtonsAnimation/Info.plist;
				LD_RUNPATH_SEARCH_PATHS = (
					"$(inherited)",
					"@executable_path/Frameworks",
				);
				PRODUCT_BUNDLE_IDENTIFIER = kr.ButtonsAnimation;
				PRODUCT_NAME = "$(TARGET_NAME)";
				SWIFT_VERSION = 5.0;
				TARGETED_DEVICE_FAMILY = "1,2";
			};
			name = Release;
		};
/* End XCBuildConfiguration section */

/* Begin XCConfigurationList section */
		CEC8A54D2488CE0100A82370 /* Build configuration list for PBXProject "ButtonsAnimation" */ = {
			isa = XCConfigurationList;
			buildConfigurations = (
				CEC8A5642488CE0300A82370 /* Debug */,
				CEC8A5652488CE0300A82370 /* Release */,
			);
			defaultConfigurationIsVisible = 0;
			defaultConfigurationName = Release;
		};
		CEC8A5662488CE0300A82370 /* Build configuration list for PBXNativeTarget "ButtonsAnimation" */ = {
			isa = XCConfigurationList;
			buildConfigurations = (
				CEC8A5672488CE0300A82370 /* Debug */,
				CEC8A5682488CE0300A82370 /* Release */,
			);
			defaultConfigurationIsVisible = 0;
			defaultConfigurationName = Release;
		};
/* End XCConfigurationList section */
	};
	rootObject = CEC8A54A2488CE0100A82370 /* Project object */;
}
