// !$*UTF8*$!
{
	archiveVersion = 1;
	classes = {
	};
	objectVersion = 50;
	objects = {

/* Begin PBXBuildFile section */
		CE6713502490E59D0065009B /* AppDelegate.swift in Sources */ = {isa = PBXBuildFile; fileRef = CE67134F2490E59D0065009B /* AppDelegate.swift */; };
		CE6713522490E59D0065009B /* SceneDelegate.swift in Sources */ = {isa = PBXBuildFile; fileRef = CE6713512490E59D0065009B /* SceneDelegate.swift */; };
		CE6713542490E59D0065009B /* ViewController.swift in Sources */ = {isa = PBXBuildFile; fileRef = CE6713532490E59D0065009B /* ViewController.swift */; };
		CE6713572490E59D0065009B /* Main.storyboard in Resources */ = {isa = PBXBuildFile; fileRef = CE6713552490E59D0065009B /* Main.storyboard */; };
		CE6713592490E59E0065009B /* Assets.xcassets in Resources */ = {isa = PBXBuildFile; fileRef = CE6713582490E59E0065009B /* Assets.xcassets */; };
		CE67135C2490E59E0065009B /* LaunchScreen.storyboard in Resources */ = {isa = PBXBuildFile; fileRef = CE67135A2490E59E0065009B /* LaunchScreen.storyboard */; };
/* End PBXBuildFile section */

/* Begin PBXFileReference section */
		CE67134C2490E59D0065009B /* TableViewRefreshRandomNumberPrint.app */ = {isa = PBXFileReference; explicitFileType = wrapper.application; includeInIndex = 0; path = TableViewRefreshRandomNumberPrint.app; sourceTree = BUILT_PRODUCTS_DIR; };
		CE67134F2490E59D0065009B /* AppDelegate.swift */ = {isa = PBXFileReference; lastKnownFileType = sourcecode.swift; path = AppDelegate.swift; sourceTree = "<group>"; };
		CE6713512490E59D0065009B /* SceneDelegate.swift */ = {isa = PBXFileReference; lastKnownFileType = sourcecode.swift; path = SceneDelegate.swift; sourceTree = "<group>"; };
		CE6713532490E59D0065009B /* ViewController.swift */ = {isa = PBXFileReference; lastKnownFileType = sourcecode.swift; path = ViewController.swift; sourceTree = "<group>"; };
		CE6713562490E59D0065009B /* Base */ = {isa = PBXFileReference; lastKnownFileType = file.storyboard; name = Base; path = Base.lproj/Main.storyboard; sourceTree = "<group>"; };
		CE6713582490E59E0065009B /* Assets.xcassets */ = {isa = PBXFileReference; lastKnownFileType = folder.assetcatalog; path = Assets.xcassets; sourceTree = "<group>"; };
		CE67135B2490E59E0065009B /* Base */ = {isa = PBXFileReference; lastKnownFileType = file.storyboard; name = Base; path = Base.lproj/LaunchScreen.storyboard; sourceTree = "<group>"; };
		CE67135D2490E59E0065009B /* Info.plist */ = {isa = PBXFileReference; lastKnownFileType = text.plist.xml; path = Info.plist; sourceTree = "<group>"; };
/* End PBXFileReference section */

/* Begin PBXFrameworksBuildPhase section */
		CE6713492490E59D0065009B /* Frameworks */ = {
			isa = PBXFrameworksBuildPhase;
			buildActionMask = 2147483647;
			files = (
			);
			runOnlyForDeploymentPostprocessing = 0;
		};
/* End PBXFrameworksBuildPhase section */

/* Begin PBXGroup section */
		CE6713432490E59D0065009B = {
			isa = PBXGroup;
			children = (
				CE67134E2490E59D0065009B /* TableViewRefreshRandomNumberPrint */,
				CE67134D2490E59D0065009B /* Products */,
			);
			sourceTree = "<group>";
		};
		CE67134D2490E59D0065009B /* Products */ = {
			isa = PBXGroup;
			children = (
				CE67134C2490E59D0065009B /* TableViewRefreshRandomNumberPrint.app */,
			);
			name = Products;
			sourceTree = "<group>";
		};
		CE67134E2490E59D0065009B /* TableViewRefreshRandomNumberPrint */ = {
			isa = PBXGroup;
			children = (
				CE67134F2490E59D0065009B /* AppDelegate.swift */,
				CE6713512490E59D0065009B /* SceneDelegate.swift */,
				CE6713532490E59D0065009B /* ViewController.swift */,
				CE6713552490E59D0065009B /* Main.storyboard */,
				CE6713582490E59E0065009B /* Assets.xcassets */,
				CE67135A2490E59E0065009B /* LaunchScreen.storyboard */,
				CE67135D2490E59E0065009B /* Info.plist */,
			);
			path = TableViewRefreshRandomNumberPrint;
			sourceTree = "<group>";
		};
/* End PBXGroup section */

/* Begin PBXNativeTarget section */
		CE67134B2490E59D0065009B /* TableViewRefreshRandomNumberPrint */ = {
			isa = PBXNativeTarget;
			buildConfigurationList = CE6713602490E59E0065009B /* Build configuration list for PBXNativeTarget "TableViewRefreshRandomNumberPrint" */;
			buildPhases = (
				CE6713482490E59D0065009B /* Sources */,
				CE6713492490E59D0065009B /* Frameworks */,
				CE67134A2490E59D0065009B /* Resources */,
			);
			buildRules = (
			);
			dependencies = (
			);
			name = TableViewRefreshRandomNumberPrint;
			productName = TableViewRefreshRandomNumberPrint;
			productReference = CE67134C2490E59D0065009B /* TableViewRefreshRandomNumberPrint.app */;
			productType = "com.apple.product-type.application";
		};
/* End PBXNativeTarget section */

/* Begin PBXProject section */
		CE6713442490E59D0065009B /* Project object */ = {
			isa = PBXProject;
			attributes = {
				LastSwiftUpdateCheck = 1150;
				LastUpgradeCheck = 1150;
				ORGANIZATIONNAME = seong;
				TargetAttributes = {
					CE67134B2490E59D0065009B = {
						CreatedOnToolsVersion = 11.5;
					};
				};
			};
			buildConfigurationList = CE6713472490E59D0065009B /* Build configuration list for PBXProject "TableViewRefreshRandomNumberPrint" */;
			compatibilityVersion = "Xcode 9.3";
			developmentRegion = en;
			hasScannedForEncodings = 0;
			knownRegions = (
				en,
				Base,
			);
			mainGroup = CE6713432490E59D0065009B;
			productRefGroup = CE67134D2490E59D0065009B /* Products */;
			projectDirPath = "";
			projectRoot = "";
			targets = (
				CE67134B2490E59D0065009B /* TableViewRefreshRandomNumberPrint */,
			);
		};
/* End PBXProject section */

/* Begin PBXResourcesBuildPhase section */
		CE67134A2490E59D0065009B /* Resources */ = {
			isa = PBXResourcesBuildPhase;
			buildActionMask = 2147483647;
			files = (
				CE67135C2490E59E0065009B /* LaunchScreen.storyboard in Resources */,
				CE6713592490E59E0065009B /* Assets.xcassets in Resources */,
				CE6713572490E59D0065009B /* Main.storyboard in Resources */,
			);
			runOnlyForDeploymentPostprocessing = 0;
		};
/* End PBXResourcesBuildPhase section */

/* Begin PBXSourcesBuildPhase section */
		CE6713482490E59D0065009B /* Sources */ = {
			isa = PBXSourcesBuildPhase;
			buildActionMask = 2147483647;
			files = (
				CE6713542490E59D0065009B /* ViewController.swift in Sources */,
				CE6713502490E59D0065009B /* AppDelegate.swift in Sources */,
				CE6713522490E59D0065009B /* SceneDelegate.swift in Sources */,
			);
			runOnlyForDeploymentPostprocessing = 0;
		};
/* End PBXSourcesBuildPhase section */

/* Begin PBXVariantGroup section */
		CE6713552490E59D0065009B /* Main.storyboard */ = {
			isa = PBXVariantGroup;
			children = (
				CE6713562490E59D0065009B /* Base */,
			);
			name = Main.storyboard;
			sourceTree = "<group>";
		};
		CE67135A2490E59E0065009B /* LaunchScreen.storyboard */ = {
			isa = PBXVariantGroup;
			children = (
				CE67135B2490E59E0065009B /* Base */,
			);
			name = LaunchScreen.storyboard;
			sourceTree = "<group>";
		};
/* End PBXVariantGroup section */

/* Begin XCBuildConfiguration section */
		CE67135E2490E59E0065009B /* Debug */ = {
			isa = XCBuildConfiguration;
			buildSettings = {
				ALWAYS_SEARCH_USER_PATHS = NO;
				CLANG_ANALYZER_NONNULL = YES;
				CLANG_ANALYZER_NUMBER_OBJECT_CONVERSION = YES_AGGRESSIVE;
				CLANG_CXX_LANGUAGE_STANDARD = "gnu++14";
				CLANG_CXX_LIBRARY = "libc++";
				CLANG_ENABLE_MODULES = YES;
				CLANG_ENABLE_OBJC_ARC = YES;
				CLANG_ENABLE_OBJC_WEAK = YES;
				CLANG_WARN_BLOCK_CAPTURE_AUTORELEASING = YES;
				CLANG_WARN_BOOL_CONVERSION = YES;
				CLANG_WARN_COMMA = YES;
				CLANG_WARN_CONSTANT_CONVERSION = YES;
				CLANG_WARN_DEPRECATED_OBJC_IMPLEMENTATIONS = YES;
				CLANG_WARN_DIRECT_OBJC_ISA_USAGE = YES_ERROR;
				CLANG_WARN_DOCUMENTATION_COMMENTS = YES;
				CLANG_WARN_EMPTY_BODY = YES;
				CLANG_WARN_ENUM_CONVERSION = YES;
				CLANG_WARN_INFINITE_RECURSION = YES;
				CLANG_WARN_INT_CONVERSION = YES;
				CLANG_WARN_NON_LITERAL_NULL_CONVERSION = YES;
				CLANG_WARN_OBJC_IMPLICIT_RETAIN_SELF = YES;
				CLANG_WARN_OBJC_LITERAL_CONVERSION = YES;
				CLANG_WARN_OBJC_ROOT_CLASS = YES_ERROR;
				CLANG_WARN_RANGE_LOOP_ANALYSIS = YES;
				CLANG_WARN_STRICT_PROTOTYPES = YES;
				CLANG_WARN_SUSPICIOUS_MOVE = YES;
				CLANG_WARN_UNGUARDED_AVAILABILITY = YES_AGGRESSIVE;
				CLANG_WARN_UNREACHABLE_CODE = YES;
				CLANG_WARN__DUPLICATE_METHOD_MATCH = YES;
				COPY_PHASE_STRIP = NO;
				DEBUG_INFORMATION_FORMAT = dwarf;
				ENABLE_STRICT_OBJC_MSGSEND = YES;
				ENABLE_TESTABILITY = YES;
				GCC_C_LANGUAGE_STANDARD = gnu11;
				GCC_DYNAMIC_NO_PIC = NO;
				GCC_NO_COMMON_BLOCKS = YES;
				GCC_OPTIMIZATION_LEVEL = 0;
				GCC_PREPROCESSOR_DEFINITIONS = (
					"DEBUG=1",
					"$(inherited)",
				);
				GCC_WARN_64_TO_32_BIT_CONVERSION = YES;
				GCC_WARN_ABOUT_RETURN_TYPE = YES_ERROR;
				GCC_WARN_UNDECLARED_SELECTOR = YES;
				GCC_WARN_UNINITIALIZED_AUTOS = YES_AGGRESSIVE;
				GCC_WARN_UNUSED_FUNCTION = YES;
				GCC_WARN_UNUSED_VARIABLE = YES;
				IPHONEOS_DEPLOYMENT_TARGET = 13.5;
				MTL_ENABLE_DEBUG_INFO = INCLUDE_SOURCE;
				MTL_FAST_MATH = YES;
				ONLY_ACTIVE_ARCH = YES;
				SDKROOT = iphoneos;
				SWIFT_ACTIVE_COMPILATION_CONDITIONS = DEBUG;
				SWIFT_OPTIMIZATION_LEVEL = "-Onone";
			};
			name = Debug;
		};
		CE67135F2490E59E0065009B /* Release */ = {
			isa = XCBuildConfiguration;
			buildSettings = {
				ALWAYS_SEARCH_USER_PATHS = NO;
				CLANG_ANALYZER_NONNULL = YES;
				CLANG_ANALYZER_NUMBER_OBJECT_CONVERSION = YES_AGGRESSIVE;
				CLANG_CXX_LANGUAGE_STANDARD = "gnu++14";
				CLANG_CXX_LIBRARY = "libc++";
				CLANG_ENABLE_MODULES = YES;
				CLANG_ENABLE_OBJC_ARC = YES;
				CLANG_ENABLE_OBJC_WEAK = YES;
				CLANG_WARN_BLOCK_CAPTURE_AUTORELEASING = YES;
				CLANG_WARN_BOOL_CONVERSION = YES;
				CLANG_WARN_COMMA = YES;
				CLANG_WARN_CONSTANT_CONVERSION = YES;
				CLANG_WARN_DEPRECATED_OBJC_IMPLEMENTATIONS = YES;
				CLANG_WARN_DIRECT_OBJC_ISA_USAGE = YES_ERROR;
				CLANG_WARN_DOCUMENTATION_COMMENTS = YES;
				CLANG_WARN_EMPTY_BODY = YES;
				CLANG_WARN_ENUM_CONVERSION = YES;
				CLANG_WARN_INFINITE_RECURSION = YES;
				CLANG_WARN_INT_CONVERSION = YES;
				CLANG_WARN_NON_LITERAL_NULL_CONVERSION = YES;
				CLANG_WARN_OBJC_IMPLICIT_RETAIN_SELF = YES;
				CLANG_WARN_OBJC_LITERAL_CONVERSION = YES;
				CLANG_WARN_OBJC_ROOT_CLASS = YES_ERROR;
				CLANG_WARN_RANGE_LOOP_ANALYSIS = YES;
				CLANG_WARN_STRICT_PROTOTYPES = YES;
				CLANG_WARN_SUSPICIOUS_MOVE = YES;
				CLANG_WARN_UNGUARDED_AVAILABILITY = YES_AGGRESSIVE;
				CLANG_WARN_UNREACHABLE_CODE = YES;
				CLANG_WARN__DUPLICATE_METHOD_MATCH = YES;
				COPY_PHASE_STRIP = NO;
				DEBUG_INFORMATION_FORMAT = "dwarf-with-dsym";
				ENABLE_NS_ASSERTIONS = NO;
				ENABLE_STRICT_OBJC_MSGSEND = YES;
				GCC_C_LANGUAGE_STANDARD = gnu11;
				GCC_NO_COMMON_BLOCKS = YES;
				GCC_WARN_64_TO_32_BIT_CONVERSION = YES;
				GCC_WARN_ABOUT_RETURN_TYPE = YES_ERROR;
				GCC_WARN_UNDECLARED_SELECTOR = YES;
				GCC_WARN_UNINITIALIZED_AUTOS = YES_AGGRESSIVE;
				GCC_WARN_UNUSED_FUNCTION = YES;
				GCC_WARN_UNUSED_VARIABLE = YES;
				IPHONEOS_DEPLOYMENT_TARGET = 13.5;
				MTL_ENABLE_DEBUG_INFO = NO;
				MTL_FAST_MATH = YES;
				SDKROOT = iphoneos;
				SWIFT_COMPILATION_MODE = wholemodule;
				SWIFT_OPTIMIZATION_LEVEL = "-O";
				VALIDATE_PRODUCT = YES;
			};
			name = Release;
		};
		CE6713612490E59E0065009B /* Debug */ = {
			isa = XCBuildConfiguration;
			buildSettings = {
				ASSETCATALOG_COMPILER_APPICON_NAME = AppIcon;
				CODE_SIGN_STYLE = Automatic;
				INFOPLIST_FILE = TableViewRefreshRandomNumberPrint/Info.plist;
				LD_RUNPATH_SEARCH_PATHS = (
					"$(inherited)",
					"@executable_path/Frameworks",
				);
				PRODUCT_BUNDLE_IDENTIFIER = kr.TableViewRefreshRandomNumberPrint;
				PRODUCT_NAME = "$(TARGET_NAME)";
				SWIFT_VERSION = 5.0;
				TARGETED_DEVICE_FAMILY = "1,2";
			};
			name = Debug;
		};
		CE6713622490E59E0065009B /* Release */ = {
			isa = XCBuildConfiguration;
			buildSettings = {
				ASSETCATALOG_COMPILER_APPICON_NAME = AppIcon;
				CODE_SIGN_STYLE = Automatic;
				INFOPLIST_FILE = TableViewRefreshRandomNumberPrint/Info.plist;
				LD_RUNPATH_SEARCH_PATHS = (
					"$(inherited)",
					"@executable_path/Frameworks",
				);
				PRODUCT_BUNDLE_IDENTIFIER = kr.TableViewRefreshRandomNumberPrint;
				PRODUCT_NAME = "$(TARGET_NAME)";
				SWIFT_VERSION = 5.0;
				TARGETED_DEVICE_FAMILY = "1,2";
			};
			name = Release;
		};
/* End XCBuildConfiguration section */

/* Begin XCConfigurationList section */
		CE6713472490E59D0065009B /* Build configuration list for PBXProject "TableViewRefreshRandomNumberPrint" */ = {
			isa = XCConfigurationList;
			buildConfigurations = (
				CE67135E2490E59E0065009B /* Debug */,
				CE67135F2490E59E0065009B /* Release */,
			);
			defaultConfigurationIsVisible = 0;
			defaultConfigurationName = Release;
		};
		CE6713602490E59E0065009B /* Build configuration list for PBXNativeTarget "TableViewRefreshRandomNumberPrint" */ = {
			isa = XCConfigurationList;
			buildConfigurations = (
				CE6713612490E59E0065009B /* Debug */,
				CE6713622490E59E0065009B /* Release */,
			);
			defaultConfigurationIsVisible = 0;
			defaultConfigurationName = Release;
		};
/* End XCConfigurationList section */
	};
	rootObject = CE6713442490E59D0065009B /* Project object */;
}
